
Microsoft Visual Studio Solution File, Format Version 12.00
# Visual Studio Version 16
VisualStudioVersion = 16.0.30011.22
MinimumVisualStudioVersion = 10.0.40219.1
Project("{9A19103F-16F7-4668-BE54-9A1E7A4F7556}") = "StarWarsAPI", "StarWarsAPI\StarWarsAPI.csproj", "{BB69E736-A21E-48B1-9D56-9BA96D1389C3}"
EndProject
Project("{FAE04EC0-301F-11D3-BF4B-00C04F79EFBC}") = "StarWarsAPITests", "StarWarsAPITests\StarWarsAPITests.csproj", "{DBB1F885-E02E-4D9C-82BC-8F7B56B7B5D9}"
EndProject
Global
	GlobalSection(SolutionConfigurationPlatforms) = preSolution
		Debug|Any CPU = Debug|Any CPU
		Release|Any CPU = Release|Any CPU
	EndGlobalSection
	GlobalSection(ProjectConfigurationPlatforms) = postSolution
		{BB69E736-A21E-48B1-9D56-9BA96D1389C3}.Debug|Any CPU.ActiveCfg = Debug|Any CPU
		{BB69E736-A21E-48B1-9D56-9BA96D1389C3}.Debug|Any CPU.Build.0 = Debug|Any CPU
		{BB69E736-A21E-48B1-9D56-9BA96D1389C3}.Release|Any CPU.ActiveCfg = Release|Any CPU
		{BB69E736-A21E-48B1-9D56-9BA96D1389C3}.Release|Any CPU.Build.0 = Release|Any CPU
		{DBB1F885-E02E-4D9C-82BC-8F7B56B7B5D9}.Debug|Any CPU.ActiveCfg = Debug|Any CPU
		{DBB1F885-E02E-4D9C-82BC-8F7B56B7B5D9}.Debug|Any CPU.Build.0 = Debug|Any CPU
		{DBB1F885-E02E-4D9C-82BC-8F7B56B7B5D9}.Release|Any CPU.ActiveCfg = Release|Any CPU
		{DBB1F885-E02E-4D9C-82BC-8F7B56B7B5D9}.Release|Any CPU.Build.0 = Release|Any CPU
	EndGlobalSection
	GlobalSection(SolutionProperties) = preSolution
		HideSolutionNode = FALSE
	EndGlobalSection
	GlobalSection(ExtensibilityGlobals) = postSolution
		SolutionGuid = {5FC0417F-2AB7-49D8-AD31-8F136D53DA20}
	EndGlobalSection
EndGlobal
